
Microsoft Visual Studio Solution File, Format Version 12.00
# Visual Studio Version 17
VisualStudioVersion = 17.4.33213.308
MinimumVisualStudioVersion = 10.0.40219.1
Project("{FAE04EC0-301F-11D3-BF4B-00C04F79EFBC}") = "UNIT TEST", "UNIT TEST\UNIT TEST.csproj", "{3FDF3877-0DFE-4968-97C7-3C0490899DAC}"
EndProject
Project("{FAE04EC0-301F-11D3-BF4B-00C04F79EFBC}") = "TestUnit", "TestUnit\TestUnit.csproj", "{3322BE3B-F036-417A-B6EC-FCD8B07876CF}"
EndProject
Global
	GlobalSection(SolutionConfigurationPlatforms) = preSolution
		Debug|Any CPU = Debug|Any CPU
		Release|Any CPU = Release|Any CPU
	EndGlobalSection
	GlobalSection(ProjectConfigurationPlatforms) = postSolution
		{3FDF3877-0DFE-4968-97C7-3C0490899DAC}.Debug|Any CPU.ActiveCfg = Debug|Any CPU
		{3FDF3877-0DFE-4968-97C7-3C0490899DAC}.Debug|Any CPU.Build.0 = Debug|Any CPU
		{3FDF3877-0DFE-4968-97C7-3C0490899DAC}.Release|Any CPU.ActiveCfg = Release|Any CPU
		{3FDF3877-0DFE-4968-97C7-3C0490899DAC}.Release|Any CPU.Build.0 = Release|Any CPU
		{3322BE3B-F036-417A-B6EC-FCD8B07876CF}.Debug|Any CPU.ActiveCfg = Debug|Any CPU
		{3322BE3B-F036-417A-B6EC-FCD8B07876CF}.Debug|Any CPU.Build.0 = Debug|Any CPU
		{3322BE3B-F036-417A-B6EC-FCD8B07876CF}.Release|Any CPU.ActiveCfg = Release|Any CPU
		{3322BE3B-F036-417A-B6EC-FCD8B07876CF}.Release|Any CPU.Build.0 = Release|Any CPU
	EndGlobalSection
	GlobalSection(SolutionProperties) = preSolution
		HideSolutionNode = FALSE
	EndGlobalSection
	GlobalSection(ExtensibilityGlobals) = postSolution
		SolutionGuid = {46126724-088C-4D7C-946C-FB73FE9BACC9}
	EndGlobalSection
EndGlobal
